# This file is automatically @generated by Cargo.
# It is not intended for manual editing.
version = 4

[[package]]
name = "qsoe-abi"
version = "0.0.0"

[[package]]
name = "qsoe-cpio"
version = "0.0.0"

[[package]]
name = "qsoe-devb-virtio-rs"
version = "0.0.0"
dependencies = [
 "qsoe-ffi",
 "qsoe-ressrv",
 "qsoe-virtio",
]

[[package]]
name = "qsoe-elf"
version = "0.0.0"

[[package]]
name = "qsoe-ffi"
version = "0.0.0"
dependencies = [
 "qsoe-abi",
]

[[package]]
name = "qsoe-minimal-rs"
version = "0.0.0"
dependencies = [
 "qsoe-abi",
 "qsoe-cpio",
]

[[package]]
name = "qsoe-pipe"
version = "0.0.0"

[[package]]
name = "qsoe-pipe-rs"
version = "0.0.0"
dependencies = [
 "qsoe-ffi",
 "qsoe-pipe",
 "qsoe-ressrv",
]

[[package]]
name = "qsoe-qrvfs"
version = "0.0.0"

[[package]]
name = "qsoe-ressrv"
version = "0.0.0"
dependencies = [
 "qsoe-abi",
 "qsoe-ffi",
]

[[package]]
name = "qsoe-service-example-rs"
version = "0.0.0"
dependencies = [
 "qsoe-ffi",
 "qsoe-ressrv",
]

[[package]]
name = "qsoe-slogger"
version = "0.0.0"

[[package]]
name = "qsoe-slogger-rs"
version = "0.0.0"
dependencies = [
 "qsoe-ffi",
 "qsoe-ressrv",
 "qsoe-slogger",
]

[[package]]
name = "qsoe-sysview"
version = "0.0.0"

[[package]]
name = "qsoe-test-msgpass-rs"
version = "0.0.0"
dependencies = [
 "qsoe-ffi",
 "qsoe-ressrv",
]

[[package]]
name = "qsoe-tm-cpio"
version = "0.0.0"

[[package]]
name = "qsoe-tm-cred"
version = "0.0.0"

[[package]]
name = "qsoe-tm-procfs"
version = "0.0.0"

[[package]]
name = "qsoe-tm-pseudodev"
version = "0.0.0"

[[package]]
name = "qsoe-tm-script"
version = "0.0.0"

[[package]]
name = "qsoe-tm-syscfg"
version = "0.0.0"

[[package]]
name = "qsoe-tm-sysfs"
version = "0.0.0"

[[package]]
name = "qsoe-virtio"
version = "0.0.0"
