# This file is automatically @generated by Cargo.
# It is not intended for manual editing.
version = 4

[[package]]
name = "qsoe-abi"
version = "0.0.0"

[[package]]
name = "qsoe-cpio"
version = "0.0.0"

[[package]]
name = "qsoe-devb-virtio-rs"
version = "0.0.0"
dependencies = [
 "qsoe-ffi",
 "qsoe-ressrv",
 "qsoe-virtio",
]

[[package]]
name = "qsoe-ffi"
version = "0.0.0"
dependencies = [
 "qsoe-abi",
]

[[package]]
name = "qsoe-minimal-rs"
version = "0.0.0"
dependencies = [
 "qsoe-abi",
]

[[package]]
name = "qsoe-qrvfs"
version = "0.0.0"

[[package]]
name = "qsoe-ressrv"
version = "0.0.0"
dependencies = [
 "qsoe-abi",
 "qsoe-ffi",
]

[[package]]
name = "qsoe-service-example-rs"
version = "0.0.0"
dependencies = [
 "qsoe-ffi",
 "qsoe-ressrv",
]

[[package]]
name = "qsoe-slogger"
version = "0.0.0"

[[package]]
name = "qsoe-slogger-rs"
version = "0.0.0"
dependencies = [
 "qsoe-ffi",
 "qsoe-ressrv",
 "qsoe-slogger",
]

[[package]]
name = "qsoe-sysview"
version = "0.0.0"

[[package]]
name = "qsoe-virtio"
version = "0.0.0"
